
Microsoft Visual Studio Solution File, Format Version 12.00
# Visual Studio Version 16
VisualStudioVersion = 16.0.29613.14
MinimumVisualStudioVersion = 10.0.40219.1
Project("{9A19103F-16F7-4668-BE54-9A1E7A4F7556}") = "prova_cs", "prova_cs.csproj", "{9BBA4722-6111-4B20-A718-FFAB5F85446A}"
EndProject
Global
	GlobalSection(SolutionConfigurationPlatforms) = preSolution
		Debug|Any CPU = Debug|Any CPU
		Release|Any CPU = Release|Any CPU
	EndGlobalSection
	GlobalSection(ProjectConfigurationPlatforms) = postSolution
		{9BBA4722-6111-4B20-A718-FFAB5F85446A}.Debug|Any CPU.ActiveCfg = Debug|Any CPU
		{9BBA4722-6111-4B20-A718-FFAB5F85446A}.Debug|Any CPU.Build.0 = Debug|Any CPU
		{9BBA4722-6111-4B20-A718-FFAB5F85446A}.Release|Any CPU.ActiveCfg = Release|Any CPU
		{9BBA4722-6111-4B20-A718-FFAB5F85446A}.Release|Any CPU.Build.0 = Release|Any CPU
	EndGlobalSection
	GlobalSection(SolutionProperties) = preSolution
		HideSolutionNode = FALSE
	EndGlobalSection
	GlobalSection(ExtensibilityGlobals) = postSolution
		SolutionGuid = {A8CA65D8-D3F6-437C-9A4C-4D3A3328FA35}
	EndGlobalSection
EndGlobal
